
Microsoft Visual Studio Solution File, Format Version 11.00
# Visual Studio 2010
Project("{F184B08F-C81C-45F6-A57F-5ABD9991F28F}") = "Praktikum6 _AstriMusidah", "Praktikum6 _AstriMusidah\Praktikum6 _AstriMusidah.vbproj", "{B2814AFC-0076-4FBE-BCD1-A2F13D07971A}"
EndProject
Global
	GlobalSection(SolutionConfigurationPlatforms) = preSolution
		Debug|x86 = Debug|x86
		Release|x86 = Release|x86
	EndGlobalSection
	GlobalSection(ProjectConfigurationPlatforms) = postSolution
		{B2814AFC-0076-4FBE-BCD1-A2F13D07971A}.Debug|x86.ActiveCfg = Debug|x86
		{B2814AFC-0076-4FBE-BCD1-A2F13D07971A}.Debug|x86.Build.0 = Debug|x86
		{B2814AFC-0076-4FBE-BCD1-A2F13D07971A}.Release|x86.ActiveCfg = Release|x86
		{B2814AFC-0076-4FBE-BCD1-A2F13D07971A}.Release|x86.Build.0 = Release|x86
	EndGlobalSection
	GlobalSection(SolutionProperties) = preSolution
		HideSolutionNode = FALSE
	EndGlobalSection
EndGlobal
